{
  "name": "proyecto-4-ci5437",
  "version": "1.0.0",
  "lockfileVersion": 2,
  "requires": true,
  "packages": {
    "": {
      "version": "1.0.0",
      "license": "ISC",
      "dependencies": {
        "strips": "^0.0.10"
      }
    },
    "node_modules/pegjs": {
      "version": "0.10.0",
      "resolved": "https://registry.npmjs.org/pegjs/-/pegjs-0.10.0.tgz",
      "integrity": "sha1-z4uvrm7d/0tafvsYUmnqr0YQ3b0=",
      "bin": {
        "pegjs": "bin/pegjs"
      },
      "engines": {
        "node": ">=0.10"
      }
    },
    "node_modules/strips": {
      "version": "0.0.10",
      "resolved": "https://registry.npmjs.org/strips/-/strips-0.0.10.tgz",
      "integrity": "sha1-pvVXI6TgeIENQiv/1Tw574dqqCs=",
      "dependencies": {
        "pegjs": "*"
      },
      "engines": {
        "node": "*",
        "npm": "*"
      }
    }
  },
  "dependencies": {
    "pegjs": {
      "version": "0.10.0",
      "resolved": "https://registry.npmjs.org/pegjs/-/pegjs-0.10.0.tgz",
      "integrity": "sha1-z4uvrm7d/0tafvsYUmnqr0YQ3b0="
    },
    "strips": {
      "version": "0.0.10",
      "resolved": "https://registry.npmjs.org/strips/-/strips-0.0.10.tgz",
      "integrity": "sha1-pvVXI6TgeIENQiv/1Tw574dqqCs=",
      "requires": {
        "pegjs": "*"
      }
    }
  }
}
